
Microsoft Visual Studio Solution File, Format Version 12.00
# Visual Studio 14
VisualStudioVersion = 14.0.25420.1
MinimumVisualStudioVersion = 10.0.40219.1
Project("{FAE04EC0-301F-11D3-BF4B-00C04F79EFBC}") = "ElectroLED.App", "ElectroLED.App\ElectroLED.App.csproj", "{9CB55DA4-92E6-48E6-B7D5-07CCE7F6EE0A}"
EndProject
Project("{FAE04EC0-301F-11D3-BF4B-00C04F79EFBC}") = "ElectroLED.Data", "ElectroLED.Data\ElectroLED.Data.csproj", "{22B3A40D-F16F-47EA-9FD8-7B801B61728D}"
EndProject
Project("{FAE04EC0-301F-11D3-BF4B-00C04F79EFBC}") = "ElectroLED.ConsoleHelperApp", "ElectroLED.ConsoleHelperApp\ElectroLED.ConsoleHelperApp.csproj", "{F5863B7D-333F-4623-B2DC-D1C5D4AC55D0}"
EndProject
Project("{FAE04EC0-301F-11D3-BF4B-00C04F79EFBC}") = "ElectroLED.Models", "ElectroLED.Models\ElectroLED.Models.csproj", "{36D4B1E1-289D-4A00-8248-8EAFF1FDBD0D}"
EndProject
Global
	GlobalSection(SolutionConfigurationPlatforms) = preSolution
		Debug|Any CPU = Debug|Any CPU
		Release|Any CPU = Release|Any CPU
	EndGlobalSection
	GlobalSection(ProjectConfigurationPlatforms) = postSolution
		{9CB55DA4-92E6-48E6-B7D5-07CCE7F6EE0A}.Debug|Any CPU.ActiveCfg = Debug|Any CPU
		{9CB55DA4-92E6-48E6-B7D5-07CCE7F6EE0A}.Debug|Any CPU.Build.0 = Debug|Any CPU
		{9CB55DA4-92E6-48E6-B7D5-07CCE7F6EE0A}.Release|Any CPU.ActiveCfg = Release|Any CPU
		{9CB55DA4-92E6-48E6-B7D5-07CCE7F6EE0A}.Release|Any CPU.Build.0 = Release|Any CPU
		{22B3A40D-F16F-47EA-9FD8-7B801B61728D}.Debug|Any CPU.ActiveCfg = Debug|Any CPU
		{22B3A40D-F16F-47EA-9FD8-7B801B61728D}.Debug|Any CPU.Build.0 = Debug|Any CPU
		{22B3A40D-F16F-47EA-9FD8-7B801B61728D}.Release|Any CPU.ActiveCfg = Release|Any CPU
		{22B3A40D-F16F-47EA-9FD8-7B801B61728D}.Release|Any CPU.Build.0 = Release|Any CPU
		{F5863B7D-333F-4623-B2DC-D1C5D4AC55D0}.Debug|Any CPU.ActiveCfg = Debug|Any CPU
		{F5863B7D-333F-4623-B2DC-D1C5D4AC55D0}.Debug|Any CPU.Build.0 = Debug|Any CPU
		{F5863B7D-333F-4623-B2DC-D1C5D4AC55D0}.Release|Any CPU.ActiveCfg = Release|Any CPU
		{F5863B7D-333F-4623-B2DC-D1C5D4AC55D0}.Release|Any CPU.Build.0 = Release|Any CPU
		{36D4B1E1-289D-4A00-8248-8EAFF1FDBD0D}.Debug|Any CPU.ActiveCfg = Debug|Any CPU
		{36D4B1E1-289D-4A00-8248-8EAFF1FDBD0D}.Debug|Any CPU.Build.0 = Debug|Any CPU
		{36D4B1E1-289D-4A00-8248-8EAFF1FDBD0D}.Release|Any CPU.ActiveCfg = Release|Any CPU
		{36D4B1E1-289D-4A00-8248-8EAFF1FDBD0D}.Release|Any CPU.Build.0 = Release|Any CPU
	EndGlobalSection
	GlobalSection(SolutionProperties) = preSolution
		HideSolutionNode = FALSE
	EndGlobalSection
EndGlobal
